
Microsoft Visual Studio Solution File, Format Version 12.00
# Visual Studio Version 17
VisualStudioVersion = 17.2.32314.265
MinimumVisualStudioVersion = 10.0.40219.1
Project("{FAE04EC0-301F-11D3-BF4B-00C04F79EFBC}") = "Greenflowerless_Patcher", "Greenflowerless_Patcher.csproj", "{DCCCF706-8DFD-45A6-8338-13124694BAD0}"
EndProject
Global
	GlobalSection(SolutionConfigurationPlatforms) = preSolution
		Debug|Any CPU = Debug|Any CPU
		Release|Any CPU = Release|Any CPU
	EndGlobalSection
	GlobalSection(ProjectConfigurationPlatforms) = postSolution
		{DCCCF706-8DFD-45A6-8338-13124694BAD0}.Debug|Any CPU.ActiveCfg = Debug|Any CPU
		{DCCCF706-8DFD-45A6-8338-13124694BAD0}.Debug|Any CPU.Build.0 = Debug|Any CPU
		{DCCCF706-8DFD-45A6-8338-13124694BAD0}.Release|Any CPU.ActiveCfg = Release|Any CPU
		{DCCCF706-8DFD-45A6-8338-13124694BAD0}.Release|Any CPU.Build.0 = Release|Any CPU
	EndGlobalSection
	GlobalSection(SolutionProperties) = preSolution
		HideSolutionNode = FALSE
	EndGlobalSection
	GlobalSection(ExtensibilityGlobals) = postSolution
		SolutionGuid = {2A1FE674-C0F4-4B91-8018-48F2B34A2F11}
	EndGlobalSection
EndGlobal
